
Microsoft Visual Studio Solution File, Format Version 12.00
# Visual Studio Version 16
VisualStudioVersion = 16.0.31729.503
MinimumVisualStudioVersion = 10.0.40219.1
Project("{FAE04EC0-301F-11D3-BF4B-00C04F79EFBC}") = "WebApplicationLaboratorio9", "WebApplicationLaboratorio9\WebApplicationLaboratorio9.csproj", "{20449EF6-0935-429D-A554-14E5DBCAF8A9}"
EndProject
Global
	GlobalSection(SolutionConfigurationPlatforms) = preSolution
		Debug|Any CPU = Debug|Any CPU
		Release|Any CPU = Release|Any CPU
	EndGlobalSection
	GlobalSection(ProjectConfigurationPlatforms) = postSolution
		{20449EF6-0935-429D-A554-14E5DBCAF8A9}.Debug|Any CPU.ActiveCfg = Debug|Any CPU
		{20449EF6-0935-429D-A554-14E5DBCAF8A9}.Debug|Any CPU.Build.0 = Debug|Any CPU
		{20449EF6-0935-429D-A554-14E5DBCAF8A9}.Release|Any CPU.ActiveCfg = Release|Any CPU
		{20449EF6-0935-429D-A554-14E5DBCAF8A9}.Release|Any CPU.Build.0 = Release|Any CPU
	EndGlobalSection
	GlobalSection(SolutionProperties) = preSolution
		HideSolutionNode = FALSE
	EndGlobalSection
	GlobalSection(ExtensibilityGlobals) = postSolution
		SolutionGuid = {3B964A3A-6523-4B0E-8D2B-02B32CA2D278}
	EndGlobalSection
EndGlobal
